
Microsoft Visual Studio Solution File, Format Version 12.00
# Visual Studio Version 16
VisualStudioVersion = 16.0.32510.428
MinimumVisualStudioVersion = 10.0.40219.1
Project("{D954291E-2A0B-460D-934E-DC6B0785DB48}") = "LayoutTest", "LayoutTest\LayoutTest.shproj", "{2827B2C4-6EF3-4281-9576-84ADC0785B1B}"
EndProject
Project("{FAE04EC0-301F-11D3-BF4B-00C04F79EFBC}") = "LayoutTest.LX", "LayoutTest.LX\LayoutTest.LX.csproj", "{B206D2FB-A1C5-45BC-8BA7-FE30B97C896F}"
EndProject
Project("{9A19103F-16F7-4668-BE54-9A1E7A4F7556}") = "LayoutTest.WPF", "LayoutTest.WPF\LayoutTest.WPF.csproj", "{07F3C072-3A50-4458-AD6E-6A09E744ACDF}"
EndProject
Project("{9A19103F-16F7-4668-BE54-9A1E7A4F7556}") = "LayoutTest.Avalonia", "LayoutTest.Avalonia\LayoutTest.Avalonia.csproj", "{04557405-7D13-47E7-8F73-78650C6E66C6}"
EndProject
Project("{2150E333-8FDC-42A3-9474-1A3956D46DE8}") = "LX", "LX", "{2F0DBB13-C7E8-42A9-B95A-B83220D21955}"
EndProject
Project("{2150E333-8FDC-42A3-9474-1A3956D46DE8}") = "WPF", "WPF", "{941043A8-304F-4122-A461-1E590941E854}"
EndProject
Project("{2150E333-8FDC-42A3-9474-1A3956D46DE8}") = "Avalonia", "Avalonia", "{8E1F86B2-1ECB-41A1-800C-AD442030E23C}"
EndProject
Project("{2150E333-8FDC-42A3-9474-1A3956D46DE8}") = "Uno", "Uno", "{FF0BA919-B674-451B-BDE9-F9302020E899}"
EndProject
Project("{D954291E-2A0B-460D-934E-DC6B0785DB48}") = "LayoutTest.Uno.Shared", "LayoutTest.Uno\LayoutTest.Uno.Shared\LayoutTest.Uno.Shared.shproj", "{6279C845-92F8-4333-AB99-3D213163593C}"
EndProject
Project("{2150E333-8FDC-42A3-9474-1A3956D46DE8}") = "Platforms", "Platforms", "{04984952-3C2D-4354-86FF-771EEF65B903}"
EndProject
Project("{FAE04EC0-301F-11D3-BF4B-00C04F79EFBC}") = "LayoutTest.Uno.UWP", "LayoutTest.Uno\LayoutTest.Uno.UWP\LayoutTest.Uno.UWP.csproj", "{0AC12AFB-1B4C-48F4-B4D8-013B17D5DA9A}"
EndProject
Project("{FAE04EC0-301F-11D3-BF4B-00C04F79EFBC}") = "LayoutTest.Uno.Skia.Wpf.Host", "LayoutTest.Uno\LayoutTest.Uno.Skia.Wpf.Host\LayoutTest.Uno.Skia.Wpf.Host.csproj", "{1F059F93-F8CA-4214-83F1-9CA44ADA2A37}"
EndProject
Project("{9A19103F-16F7-4668-BE54-9A1E7A4F7556}") = "LayoutTest.Uno.Skia.Wpf", "LayoutTest.Uno\LayoutTest.Uno.Skia.Wpf\LayoutTest.Uno.Skia.Wpf.csproj", "{BB9A19FD-6D77-4D3E-8C8C-C4AF85D5BE4D}"
EndProject
Global
	GlobalSection(SharedMSBuildProjectFiles) = preSolution
		LayoutTest\LayoutTest.projitems*{04557405-7d13-47e7-8f73-78650c6e66c6}*SharedItemsImports = 5
		LayoutTest\LayoutTest.projitems*{07f3c072-3a50-4458-ad6e-6a09e744acdf}*SharedItemsImports = 5
		LayoutTest.Uno\LayoutTest.Uno.Shared\LayoutTest.Uno.Shared.projitems*{0ac12afb-1b4c-48f4-b4d8-013b17d5da9a}*SharedItemsImports = 4
		LayoutTest\LayoutTest.projitems*{0ac12afb-1b4c-48f4-b4d8-013b17d5da9a}*SharedItemsImports = 4
		LayoutTest\LayoutTest.projitems*{1f059f93-f8ca-4214-83f1-9ca44ada2a37}*SharedItemsImports = 5
		LayoutTest\LayoutTest.projitems*{2827b2c4-6ef3-4281-9576-84adc0785b1b}*SharedItemsImports = 13
		LayoutTest.Uno\LayoutTest.Uno.Shared\LayoutTest.Uno.Shared.projitems*{6279c845-92f8-4333-ab99-3d213163593c}*SharedItemsImports = 13
		LayoutTest\LayoutTest.projitems*{b206d2fb-a1c5-45bc-8ba7-fe30b97c896f}*SharedItemsImports = 4
		LayoutTest.Uno\LayoutTest.Uno.Shared\LayoutTest.Uno.Shared.projitems*{bb9a19fd-6d77-4d3e-8c8c-c4af85d5be4d}*SharedItemsImports = 5
	EndGlobalSection
	GlobalSection(SolutionConfigurationPlatforms) = preSolution
		Ad-Hoc|Any CPU = Ad-Hoc|Any CPU
		Ad-Hoc|ARM = Ad-Hoc|ARM
		Ad-Hoc|ARM64 = Ad-Hoc|ARM64
		Ad-Hoc|iPhone = Ad-Hoc|iPhone
		Ad-Hoc|iPhoneSimulator = Ad-Hoc|iPhoneSimulator
		Ad-Hoc|x64 = Ad-Hoc|x64
		Ad-Hoc|x86 = Ad-Hoc|x86
		AppStore|Any CPU = AppStore|Any CPU
		AppStore|ARM = AppStore|ARM
		AppStore|ARM64 = AppStore|ARM64
		AppStore|iPhone = AppStore|iPhone
		AppStore|iPhoneSimulator = AppStore|iPhoneSimulator
		AppStore|x64 = AppStore|x64
		AppStore|x86 = AppStore|x86
		Debug|Any CPU = Debug|Any CPU
		Debug|ARM = Debug|ARM
		Debug|ARM64 = Debug|ARM64
		Debug|iPhone = Debug|iPhone
		Debug|iPhoneSimulator = Debug|iPhoneSimulator
		Debug|x64 = Debug|x64
		Debug|x86 = Debug|x86
		Release|Any CPU = Release|Any CPU
		Release|ARM = Release|ARM
		Release|ARM64 = Release|ARM64
		Release|iPhone = Release|iPhone
		Release|iPhoneSimulator = Release|iPhoneSimulator
		Release|x64 = Release|x64
		Release|x86 = Release|x86
	EndGlobalSection
	GlobalSection(ProjectConfigurationPlatforms) = postSolution
		{B206D2FB-A1C5-45BC-8BA7-FE30B97C896F}.Ad-Hoc|Any CPU.ActiveCfg = Release|Any CPU
		{B206D2FB-A1C5-45BC-8BA7-FE30B97C896F}.Ad-Hoc|Any CPU.Build.0 = Release|Any CPU
		{B206D2FB-A1C5-45BC-8BA7-FE30B97C896F}.Ad-Hoc|ARM.ActiveCfg = Release|Any CPU
		{B206D2FB-A1C5-45BC-8BA7-FE30B97C896F}.Ad-Hoc|ARM.Build.0 = Release|Any CPU
		{B206D2FB-A1C5-45BC-8BA7-FE30B97C896F}.Ad-Hoc|ARM64.ActiveCfg = Release|Any CPU
		{B206D2FB-A1C5-45BC-8BA7-FE30B97C896F}.Ad-Hoc|ARM64.Build.0 = Release|Any CPU
		{B206D2FB-A1C5-45BC-8BA7-FE30B97C896F}.Ad-Hoc|iPhone.ActiveCfg = Release|Any CPU
		{B206D2FB-A1C5-45BC-8BA7-FE30B97C896F}.Ad-Hoc|iPhone.Build.0 = Release|Any CPU
		{B206D2FB-A1C5-45BC-8BA7-FE30B97C896F}.Ad-Hoc|iPhoneSimulator.ActiveCfg = Release|Any CPU
		{B206D2FB-A1C5-45BC-8BA7-FE30B97C896F}.Ad-Hoc|iPhoneSimulator.Build.0 = Release|Any CPU
		{B206D2FB-A1C5-45BC-8BA7-FE30B97C896F}.Ad-Hoc|x64.ActiveCfg = Release|Any CPU
		{B206D2FB-A1C5-45BC-8BA7-FE30B97C896F}.Ad-Hoc|x64.Build.0 = Release|Any CPU
		{B206D2FB-A1C5-45BC-8BA7-FE30B97C896F}.Ad-Hoc|x86.ActiveCfg = Release|Any CPU
		{B206D2FB-A1C5-45BC-8BA7-FE30B97C896F}.Ad-Hoc|x86.Build.0 = Release|Any CPU
		{B206D2FB-A1C5-45BC-8BA7-FE30B97C896F}.AppStore|Any CPU.ActiveCfg = Release|Any CPU
		{B206D2FB-A1C5-45BC-8BA7-FE30B97C896F}.AppStore|Any CPU.Build.0 = Release|Any CPU
		{B206D2FB-A1C5-45BC-8BA7-FE30B97C896F}.AppStore|ARM.ActiveCfg = Release|Any CPU
		{B206D2FB-A1C5-45BC-8BA7-FE30B97C896F}.AppStore|ARM.Build.0 = Release|Any CPU
		{B206D2FB-A1C5-45BC-8BA7-FE30B97C896F}.AppStore|ARM64.ActiveCfg = Release|Any CPU
		{B206D2FB-A1C5-45BC-8BA7-FE30B97C896F}.AppStore|ARM64.Build.0 = Release|Any CPU
		{B206D2FB-A1C5-45BC-8BA7-FE30B97C896F}.AppStore|iPhone.ActiveCfg = Release|Any CPU
		{B206D2FB-A1C5-45BC-8BA7-FE30B97C896F}.AppStore|iPhone.Build.0 = Release|Any CPU
		{B206D2FB-A1C5-45BC-8BA7-FE30B97C896F}.AppStore|iPhoneSimulator.ActiveCfg = Release|Any CPU
		{B206D2FB-A1C5-45BC-8BA7-FE30B97C896F}.AppStore|iPhoneSimulator.Build.0 = Release|Any CPU
		{B206D2FB-A1C5-45BC-8BA7-FE30B97C896F}.AppStore|x64.ActiveCfg = Release|Any CPU
		{B206D2FB-A1C5-45BC-8BA7-FE30B97C896F}.AppStore|x64.Build.0 = Release|Any CPU
		{B206D2FB-A1C5-45BC-8BA7-FE30B97C896F}.AppStore|x86.ActiveCfg = Release|Any CPU
		{B206D2FB-A1C5-45BC-8BA7-FE30B97C896F}.AppStore|x86.Build.0 = Release|Any CPU
		{B206D2FB-A1C5-45BC-8BA7-FE30B97C896F}.Debug|Any CPU.ActiveCfg = Debug|Any CPU
		{B206D2FB-A1C5-45BC-8BA7-FE30B97C896F}.Debug|Any CPU.Build.0 = Debug|Any CPU
		{B206D2FB-A1C5-45BC-8BA7-FE30B97C896F}.Debug|ARM.ActiveCfg = Debug|Any CPU
		{B206D2FB-A1C5-45BC-8BA7-FE30B97C896F}.Debug|ARM.Build.0 = Debug|Any CPU
		{B206D2FB-A1C5-45BC-8BA7-FE30B97C896F}.Debug|ARM64.ActiveCfg = Debug|Any CPU
		{B206D2FB-A1C5-45BC-8BA7-FE30B97C896F}.Debug|ARM64.Build.0 = Debug|Any CPU
		{B206D2FB-A1C5-45BC-8BA7-FE30B97C896F}.Debug|iPhone.ActiveCfg = Debug|Any CPU
		{B206D2FB-A1C5-45BC-8BA7-FE30B97C896F}.Debug|iPhone.Build.0 = Debug|Any CPU
		{B206D2FB-A1C5-45BC-8BA7-FE30B97C896F}.Debug|iPhoneSimulator.ActiveCfg = Debug|Any CPU
		{B206D2FB-A1C5-45BC-8BA7-FE30B97C896F}.Debug|iPhoneSimulator.Build.0 = Debug|Any CPU
		{B206D2FB-A1C5-45BC-8BA7-FE30B97C896F}.Debug|x64.ActiveCfg = Debug|Any CPU
		{B206D2FB-A1C5-45BC-8BA7-FE30B97C896F}.Debug|x64.Build.0 = Debug|Any CPU
		{B206D2FB-A1C5-45BC-8BA7-FE30B97C896F}.Debug|x86.ActiveCfg = Debug|Any CPU
		{B206D2FB-A1C5-45BC-8BA7-FE30B97C896F}.Debug|x86.Build.0 = Debug|Any CPU
		{B206D2FB-A1C5-45BC-8BA7-FE30B97C896F}.Release|Any CPU.ActiveCfg = Release|Any CPU
		{B206D2FB-A1C5-45BC-8BA7-FE30B97C896F}.Release|Any CPU.Build.0 = Release|Any CPU
		{B206D2FB-A1C5-45BC-8BA7-FE30B97C896F}.Release|ARM.ActiveCfg = Release|Any CPU
		{B206D2FB-A1C5-45BC-8BA7-FE30B97C896F}.Release|ARM.Build.0 = Release|Any CPU
		{B206D2FB-A1C5-45BC-8BA7-FE30B97C896F}.Release|ARM64.ActiveCfg = Release|Any CPU
		{B206D2FB-A1C5-45BC-8BA7-FE30B97C896F}.Release|ARM64.Build.0 = Release|Any CPU
		{B206D2FB-A1C5-45BC-8BA7-FE30B97C896F}.Release|iPhone.ActiveCfg = Release|Any CPU
		{B206D2FB-A1C5-45BC-8BA7-FE30B97C896F}.Release|iPhone.Build.0 = Release|Any CPU
		{B206D2FB-A1C5-45BC-8BA7-FE30B97C896F}.Release|iPhoneSimulator.ActiveCfg = Release|Any CPU
		{B206D2FB-A1C5-45BC-8BA7-FE30B97C896F}.Release|iPhoneSimulator.Build.0 = Release|Any CPU
		{B206D2FB-A1C5-45BC-8BA7-FE30B97C896F}.Release|x64.ActiveCfg = Release|Any CPU
		{B206D2FB-A1C5-45BC-8BA7-FE30B97C896F}.Release|x64.Build.0 = Release|Any CPU
		{B206D2FB-A1C5-45BC-8BA7-FE30B97C896F}.Release|x86.ActiveCfg = Release|Any CPU
		{B206D2FB-A1C5-45BC-8BA7-FE30B97C896F}.Release|x86.Build.0 = Release|Any CPU
		{07F3C072-3A50-4458-AD6E-6A09E744ACDF}.Ad-Hoc|Any CPU.ActiveCfg = Release|Any CPU
		{07F3C072-3A50-4458-AD6E-6A09E744ACDF}.Ad-Hoc|Any CPU.Build.0 = Release|Any CPU
		{07F3C072-3A50-4458-AD6E-6A09E744ACDF}.Ad-Hoc|ARM.ActiveCfg = Release|Any CPU
		{07F3C072-3A50-4458-AD6E-6A09E744ACDF}.Ad-Hoc|ARM.Build.0 = Release|Any CPU
		{07F3C072-3A50-4458-AD6E-6A09E744ACDF}.Ad-Hoc|ARM64.ActiveCfg = Release|Any CPU
		{07F3C072-3A50-4458-AD6E-6A09E744ACDF}.Ad-Hoc|ARM64.Build.0 = Release|Any CPU
		{07F3C072-3A50-4458-AD6E-6A09E744ACDF}.Ad-Hoc|iPhone.ActiveCfg = Release|Any CPU
		{07F3C072-3A50-4458-AD6E-6A09E744ACDF}.Ad-Hoc|iPhone.Build.0 = Release|Any CPU
		{07F3C072-3A50-4458-AD6E-6A09E744ACDF}.Ad-Hoc|iPhoneSimulator.ActiveCfg = Release|Any CPU
		{07F3C072-3A50-4458-AD6E-6A09E744ACDF}.Ad-Hoc|iPhoneSimulator.Build.0 = Release|Any CPU
		{07F3C072-3A50-4458-AD6E-6A09E744ACDF}.Ad-Hoc|x64.ActiveCfg = Release|Any CPU
		{07F3C072-3A50-4458-AD6E-6A09E744ACDF}.Ad-Hoc|x64.Build.0 = Release|Any CPU
		{07F3C072-3A50-4458-AD6E-6A09E744ACDF}.Ad-Hoc|x86.ActiveCfg = Release|Any CPU
		{07F3C072-3A50-4458-AD6E-6A09E744ACDF}.Ad-Hoc|x86.Build.0 = Release|Any CPU
		{07F3C072-3A50-4458-AD6E-6A09E744ACDF}.AppStore|Any CPU.ActiveCfg = Release|Any CPU
		{07F3C072-3A50-4458-AD6E-6A09E744ACDF}.AppStore|Any CPU.Build.0 = Release|Any CPU
		{07F3C072-3A50-4458-AD6E-6A09E744ACDF}.AppStore|ARM.ActiveCfg = Release|Any CPU
		{07F3C072-3A50-4458-AD6E-6A09E744ACDF}.AppStore|ARM.Build.0 = Release|Any CPU
		{07F3C072-3A50-4458-AD6E-6A09E744ACDF}.AppStore|ARM64.ActiveCfg = Release|Any CPU
		{07F3C072-3A50-4458-AD6E-6A09E744ACDF}.AppStore|ARM64.Build.0 = Release|Any CPU
		{07F3C072-3A50-4458-AD6E-6A09E744ACDF}.AppStore|iPhone.ActiveCfg = Release|Any CPU
		{07F3C072-3A50-4458-AD6E-6A09E744ACDF}.AppStore|iPhone.Build.0 = Release|Any CPU
		{07F3C072-3A50-4458-AD6E-6A09E744ACDF}.AppStore|iPhoneSimulator.ActiveCfg = Release|Any CPU
		{07F3C072-3A50-4458-AD6E-6A09E744ACDF}.AppStore|iPhoneSimulator.Build.0 = Release|Any CPU
		{07F3C072-3A50-4458-AD6E-6A09E744ACDF}.AppStore|x64.ActiveCfg = Release|Any CPU
		{07F3C072-3A50-4458-AD6E-6A09E744ACDF}.AppStore|x64.Build.0 = Release|Any CPU
		{07F3C072-3A50-4458-AD6E-6A09E744ACDF}.AppStore|x86.ActiveCfg = Release|Any CPU
		{07F3C072-3A50-4458-AD6E-6A09E744ACDF}.AppStore|x86.Build.0 = Release|Any CPU
		{07F3C072-3A50-4458-AD6E-6A09E744ACDF}.Debug|Any CPU.ActiveCfg = Debug|Any CPU
		{07F3C072-3A50-4458-AD6E-6A09E744ACDF}.Debug|Any CPU.Build.0 = Debug|Any CPU
		{07F3C072-3A50-4458-AD6E-6A09E744ACDF}.Debug|ARM.ActiveCfg = Debug|Any CPU
		{07F3C072-3A50-4458-AD6E-6A09E744ACDF}.Debug|ARM.Build.0 = Debug|Any CPU
		{07F3C072-3A50-4458-AD6E-6A09E744ACDF}.Debug|ARM64.ActiveCfg = Debug|Any CPU
		{07F3C072-3A50-4458-AD6E-6A09E744ACDF}.Debug|ARM64.Build.0 = Debug|Any CPU
		{07F3C072-3A50-4458-AD6E-6A09E744ACDF}.Debug|iPhone.ActiveCfg = Debug|Any CPU
		{07F3C072-3A50-4458-AD6E-6A09E744ACDF}.Debug|iPhone.Build.0 = Debug|Any CPU
		{07F3C072-3A50-4458-AD6E-6A09E744ACDF}.Debug|iPhoneSimulator.ActiveCfg = Debug|Any CPU
		{07F3C072-3A50-4458-AD6E-6A09E744ACDF}.Debug|iPhoneSimulator.Build.0 = Debug|Any CPU
		{07F3C072-3A50-4458-AD6E-6A09E744ACDF}.Debug|x64.ActiveCfg = Debug|Any CPU
		{07F3C072-3A50-4458-AD6E-6A09E744ACDF}.Debug|x64.Build.0 = Debug|Any CPU
		{07F3C072-3A50-4458-AD6E-6A09E744ACDF}.Debug|x86.ActiveCfg = Debug|Any CPU
		{07F3C072-3A50-4458-AD6E-6A09E744ACDF}.Debug|x86.Build.0 = Debug|Any CPU
		{07F3C072-3A50-4458-AD6E-6A09E744ACDF}.Release|Any CPU.ActiveCfg = Release|Any CPU
		{07F3C072-3A50-4458-AD6E-6A09E744ACDF}.Release|Any CPU.Build.0 = Release|Any CPU
		{07F3C072-3A50-4458-AD6E-6A09E744ACDF}.Release|ARM.ActiveCfg = Release|Any CPU
		{07F3C072-3A50-4458-AD6E-6A09E744ACDF}.Release|ARM.Build.0 = Release|Any CPU
		{07F3C072-3A50-4458-AD6E-6A09E744ACDF}.Release|ARM64.ActiveCfg = Release|Any CPU
		{07F3C072-3A50-4458-AD6E-6A09E744ACDF}.Release|ARM64.Build.0 = Release|Any CPU
		{07F3C072-3A50-4458-AD6E-6A09E744ACDF}.Release|iPhone.ActiveCfg = Release|Any CPU
		{07F3C072-3A50-4458-AD6E-6A09E744ACDF}.Release|iPhone.Build.0 = Release|Any CPU
		{07F3C072-3A50-4458-AD6E-6A09E744ACDF}.Release|iPhoneSimulator.ActiveCfg = Release|Any CPU
		{07F3C072-3A50-4458-AD6E-6A09E744ACDF}.Release|iPhoneSimulator.Build.0 = Release|Any CPU
		{07F3C072-3A50-4458-AD6E-6A09E744ACDF}.Release|x64.ActiveCfg = Release|Any CPU
		{07F3C072-3A50-4458-AD6E-6A09E744ACDF}.Release|x64.Build.0 = Release|Any CPU
		{07F3C072-3A50-4458-AD6E-6A09E744ACDF}.Release|x86.ActiveCfg = Release|Any CPU
		{07F3C072-3A50-4458-AD6E-6A09E744ACDF}.Release|x86.Build.0 = Release|Any CPU
		{04557405-7D13-47E7-8F73-78650C6E66C6}.Ad-Hoc|Any CPU.ActiveCfg = Release|Any CPU
		{04557405-7D13-47E7-8F73-78650C6E66C6}.Ad-Hoc|Any CPU.Build.0 = Release|Any CPU
		{04557405-7D13-47E7-8F73-78650C6E66C6}.Ad-Hoc|ARM.ActiveCfg = Release|Any CPU
		{04557405-7D13-47E7-8F73-78650C6E66C6}.Ad-Hoc|ARM.Build.0 = Release|Any CPU
		{04557405-7D13-47E7-8F73-78650C6E66C6}.Ad-Hoc|ARM64.ActiveCfg = Release|Any CPU
		{04557405-7D13-47E7-8F73-78650C6E66C6}.Ad-Hoc|ARM64.Build.0 = Release|Any CPU
		{04557405-7D13-47E7-8F73-78650C6E66C6}.Ad-Hoc|iPhone.ActiveCfg = Release|Any CPU
		{04557405-7D13-47E7-8F73-78650C6E66C6}.Ad-Hoc|iPhone.Build.0 = Release|Any CPU
		{04557405-7D13-47E7-8F73-78650C6E66C6}.Ad-Hoc|iPhoneSimulator.ActiveCfg = Release|Any CPU
		{04557405-7D13-47E7-8F73-78650C6E66C6}.Ad-Hoc|iPhoneSimulator.Build.0 = Release|Any CPU
		{04557405-7D13-47E7-8F73-78650C6E66C6}.Ad-Hoc|x64.ActiveCfg = Release|Any CPU
		{04557405-7D13-47E7-8F73-78650C6E66C6}.Ad-Hoc|x64.Build.0 = Release|Any CPU
		{04557405-7D13-47E7-8F73-78650C6E66C6}.Ad-Hoc|x86.ActiveCfg = Release|Any CPU
		{04557405-7D13-47E7-8F73-78650C6E66C6}.Ad-Hoc|x86.Build.0 = Release|Any CPU
		{04557405-7D13-47E7-8F73-78650C6E66C6}.AppStore|Any CPU.ActiveCfg = Release|Any CPU
		{04557405-7D13-47E7-8F73-78650C6E66C6}.AppStore|Any CPU.Build.0 = Release|Any CPU
		{04557405-7D13-47E7-8F73-78650C6E66C6}.AppStore|ARM.ActiveCfg = Release|Any CPU
		{04557405-7D13-47E7-8F73-78650C6E66C6}.AppStore|ARM.Build.0 = Release|Any CPU
		{04557405-7D13-47E7-8F73-78650C6E66C6}.AppStore|ARM64.ActiveCfg = Release|Any CPU
		{04557405-7D13-47E7-8F73-78650C6E66C6}.AppStore|ARM64.Build.0 = Release|Any CPU
		{04557405-7D13-47E7-8F73-78650C6E66C6}.AppStore|iPhone.ActiveCfg = Release|Any CPU
		{04557405-7D13-47E7-8F73-78650C6E66C6}.AppStore|iPhone.Build.0 = Release|Any CPU
		{04557405-7D13-47E7-8F73-78650C6E66C6}.AppStore|iPhoneSimulator.ActiveCfg = Release|Any CPU
		{04557405-7D13-47E7-8F73-78650C6E66C6}.AppStore|iPhoneSimulator.Build.0 = Release|Any CPU
		{04557405-7D13-47E7-8F73-78650C6E66C6}.AppStore|x64.ActiveCfg = Release|Any CPU
		{04557405-7D13-47E7-8F73-78650C6E66C6}.AppStore|x64.Build.0 = Release|Any CPU
		{04557405-7D13-47E7-8F73-78650C6E66C6}.AppStore|x86.ActiveCfg = Release|Any CPU
		{04557405-7D13-47E7-8F73-78650C6E66C6}.AppStore|x86.Build.0 = Release|Any CPU
		{04557405-7D13-47E7-8F73-78650C6E66C6}.Debug|Any CPU.ActiveCfg = Debug|Any CPU
		{04557405-7D13-47E7-8F73-78650C6E66C6}.Debug|Any CPU.Build.0 = Debug|Any CPU
		{04557405-7D13-47E7-8F73-78650C6E66C6}.Debug|ARM.ActiveCfg = Debug|Any CPU
		{04557405-7D13-47E7-8F73-78650C6E66C6}.Debug|ARM.Build.0 = Debug|Any CPU
		{04557405-7D13-47E7-8F73-78650C6E66C6}.Debug|ARM64.ActiveCfg = Debug|Any CPU
		{04557405-7D13-47E7-8F73-78650C6E66C6}.Debug|ARM64.Build.0 = Debug|Any CPU
		{04557405-7D13-47E7-8F73-78650C6E66C6}.Debug|iPhone.ActiveCfg = Debug|Any CPU
		{04557405-7D13-47E7-8F73-78650C6E66C6}.Debug|iPhone.Build.0 = Debug|Any CPU
		{04557405-7D13-47E7-8F73-78650C6E66C6}.Debug|iPhoneSimulator.ActiveCfg = Debug|Any CPU
		{04557405-7D13-47E7-8F73-78650C6E66C6}.Debug|iPhoneSimulator.Build.0 = Debug|Any CPU
		{04557405-7D13-47E7-8F73-78650C6E66C6}.Debug|x64.ActiveCfg = Debug|Any CPU
		{04557405-7D13-47E7-8F73-78650C6E66C6}.Debug|x64.Build.0 = Debug|Any CPU
		{04557405-7D13-47E7-8F73-78650C6E66C6}.Debug|x86.ActiveCfg = Debug|Any CPU
		{04557405-7D13-47E7-8F73-78650C6E66C6}.Debug|x86.Build.0 = Debug|Any CPU
		{04557405-7D13-47E7-8F73-78650C6E66C6}.Release|Any CPU.ActiveCfg = Release|Any CPU
		{04557405-7D13-47E7-8F73-78650C6E66C6}.Release|Any CPU.Build.0 = Release|Any CPU
		{04557405-7D13-47E7-8F73-78650C6E66C6}.Release|ARM.ActiveCfg = Release|Any CPU
		{04557405-7D13-47E7-8F73-78650C6E66C6}.Release|ARM.Build.0 = Release|Any CPU
		{04557405-7D13-47E7-8F73-78650C6E66C6}.Release|ARM64.ActiveCfg = Release|Any CPU
		{04557405-7D13-47E7-8F73-78650C6E66C6}.Release|ARM64.Build.0 = Release|Any CPU
		{04557405-7D13-47E7-8F73-78650C6E66C6}.Release|iPhone.ActiveCfg = Release|Any CPU
		{04557405-7D13-47E7-8F73-78650C6E66C6}.Release|iPhone.Build.0 = Release|Any CPU
		{04557405-7D13-47E7-8F73-78650C6E66C6}.Release|iPhoneSimulator.ActiveCfg = Release|Any CPU
		{04557405-7D13-47E7-8F73-78650C6E66C6}.Release|iPhoneSimulator.Build.0 = Release|Any CPU
		{04557405-7D13-47E7-8F73-78650C6E66C6}.Release|x64.ActiveCfg = Release|Any CPU
		{04557405-7D13-47E7-8F73-78650C6E66C6}.Release|x64.Build.0 = Release|Any CPU
		{04557405-7D13-47E7-8F73-78650C6E66C6}.Release|x86.ActiveCfg = Release|Any CPU
		{04557405-7D13-47E7-8F73-78650C6E66C6}.Release|x86.Build.0 = Release|Any CPU
		{0AC12AFB-1B4C-48F4-B4D8-013B17D5DA9A}.Ad-Hoc|Any CPU.ActiveCfg = Debug|x86
		{0AC12AFB-1B4C-48F4-B4D8-013B17D5DA9A}.Ad-Hoc|Any CPU.Build.0 = Debug|x86
		{0AC12AFB-1B4C-48F4-B4D8-013B17D5DA9A}.Ad-Hoc|Any CPU.Deploy.0 = Debug|x86
		{0AC12AFB-1B4C-48F4-B4D8-013B17D5DA9A}.Ad-Hoc|ARM.ActiveCfg = Debug|ARM
		{0AC12AFB-1B4C-48F4-B4D8-013B17D5DA9A}.Ad-Hoc|ARM.Build.0 = Debug|ARM
		{0AC12AFB-1B4C-48F4-B4D8-013B17D5DA9A}.Ad-Hoc|ARM.Deploy.0 = Debug|ARM
		{0AC12AFB-1B4C-48F4-B4D8-013B17D5DA9A}.Ad-Hoc|ARM64.ActiveCfg = Debug|ARM64
		{0AC12AFB-1B4C-48F4-B4D8-013B17D5DA9A}.Ad-Hoc|ARM64.Build.0 = Debug|ARM64
		{0AC12AFB-1B4C-48F4-B4D8-013B17D5DA9A}.Ad-Hoc|ARM64.Deploy.0 = Debug|ARM64
		{0AC12AFB-1B4C-48F4-B4D8-013B17D5DA9A}.Ad-Hoc|iPhone.ActiveCfg = Debug|x86
		{0AC12AFB-1B4C-48F4-B4D8-013B17D5DA9A}.Ad-Hoc|iPhone.Build.0 = Debug|x86
		{0AC12AFB-1B4C-48F4-B4D8-013B17D5DA9A}.Ad-Hoc|iPhone.Deploy.0 = Debug|x86
		{0AC12AFB-1B4C-48F4-B4D8-013B17D5DA9A}.Ad-Hoc|iPhoneSimulator.ActiveCfg = Debug|x86
		{0AC12AFB-1B4C-48F4-B4D8-013B17D5DA9A}.Ad-Hoc|iPhoneSimulator.Build.0 = Debug|x86
		{0AC12AFB-1B4C-48F4-B4D8-013B17D5DA9A}.Ad-Hoc|iPhoneSimulator.Deploy.0 = Debug|x86
		{0AC12AFB-1B4C-48F4-B4D8-013B17D5DA9A}.Ad-Hoc|x64.ActiveCfg = Debug|x64
		{0AC12AFB-1B4C-48F4-B4D8-013B17D5DA9A}.Ad-Hoc|x64.Build.0 = Debug|x64
		{0AC12AFB-1B4C-48F4-B4D8-013B17D5DA9A}.Ad-Hoc|x64.Deploy.0 = Debug|x64
		{0AC12AFB-1B4C-48F4-B4D8-013B17D5DA9A}.Ad-Hoc|x86.ActiveCfg = Debug|x86
		{0AC12AFB-1B4C-48F4-B4D8-013B17D5DA9A}.Ad-Hoc|x86.Build.0 = Debug|x86
		{0AC12AFB-1B4C-48F4-B4D8-013B17D5DA9A}.Ad-Hoc|x86.Deploy.0 = Debug|x86
		{0AC12AFB-1B4C-48F4-B4D8-013B17D5DA9A}.AppStore|Any CPU.ActiveCfg = Debug|x86
		{0AC12AFB-1B4C-48F4-B4D8-013B17D5DA9A}.AppStore|Any CPU.Build.0 = Debug|x86
		{0AC12AFB-1B4C-48F4-B4D8-013B17D5DA9A}.AppStore|Any CPU.Deploy.0 = Debug|x86
		{0AC12AFB-1B4C-48F4-B4D8-013B17D5DA9A}.AppStore|ARM.ActiveCfg = Debug|ARM
		{0AC12AFB-1B4C-48F4-B4D8-013B17D5DA9A}.AppStore|ARM.Build.0 = Debug|ARM
		{0AC12AFB-1B4C-48F4-B4D8-013B17D5DA9A}.AppStore|ARM.Deploy.0 = Debug|ARM
		{0AC12AFB-1B4C-48F4-B4D8-013B17D5DA9A}.AppStore|ARM64.ActiveCfg = Debug|ARM64
		{0AC12AFB-1B4C-48F4-B4D8-013B17D5DA9A}.AppStore|ARM64.Build.0 = Debug|ARM64
		{0AC12AFB-1B4C-48F4-B4D8-013B17D5DA9A}.AppStore|ARM64.Deploy.0 = Debug|ARM64
		{0AC12AFB-1B4C-48F4-B4D8-013B17D5DA9A}.AppStore|iPhone.ActiveCfg = Debug|x86
		{0AC12AFB-1B4C-48F4-B4D8-013B17D5DA9A}.AppStore|iPhone.Build.0 = Debug|x86
		{0AC12AFB-1B4C-48F4-B4D8-013B17D5DA9A}.AppStore|iPhone.Deploy.0 = Debug|x86
		{0AC12AFB-1B4C-48F4-B4D8-013B17D5DA9A}.AppStore|iPhoneSimulator.ActiveCfg = Debug|x86
		{0AC12AFB-1B4C-48F4-B4D8-013B17D5DA9A}.AppStore|iPhoneSimulator.Build.0 = Debug|x86
		{0AC12AFB-1B4C-48F4-B4D8-013B17D5DA9A}.AppStore|iPhoneSimulator.Deploy.0 = Debug|x86
		{0AC12AFB-1B4C-48F4-B4D8-013B17D5DA9A}.AppStore|x64.ActiveCfg = Debug|x64
		{0AC12AFB-1B4C-48F4-B4D8-013B17D5DA9A}.AppStore|x64.Build.0 = Debug|x64
		{0AC12AFB-1B4C-48F4-B4D8-013B17D5DA9A}.AppStore|x64.Deploy.0 = Debug|x64
		{0AC12AFB-1B4C-48F4-B4D8-013B17D5DA9A}.AppStore|x86.ActiveCfg = Debug|x86
		{0AC12AFB-1B4C-48F4-B4D8-013B17D5DA9A}.AppStore|x86.Build.0 = Debug|x86
		{0AC12AFB-1B4C-48F4-B4D8-013B17D5DA9A}.AppStore|x86.Deploy.0 = Debug|x86
		{0AC12AFB-1B4C-48F4-B4D8-013B17D5DA9A}.Debug|Any CPU.ActiveCfg = Debug|x86
		{0AC12AFB-1B4C-48F4-B4D8-013B17D5DA9A}.Debug|Any CPU.Build.0 = Debug|x86
		{0AC12AFB-1B4C-48F4-B4D8-013B17D5DA9A}.Debug|Any CPU.Deploy.0 = Debug|x86
		{0AC12AFB-1B4C-48F4-B4D8-013B17D5DA9A}.Debug|ARM.ActiveCfg = Debug|ARM
		{0AC12AFB-1B4C-48F4-B4D8-013B17D5DA9A}.Debug|ARM.Build.0 = Debug|ARM
		{0AC12AFB-1B4C-48F4-B4D8-013B17D5DA9A}.Debug|ARM.Deploy.0 = Debug|ARM
		{0AC12AFB-1B4C-48F4-B4D8-013B17D5DA9A}.Debug|ARM64.ActiveCfg = Debug|ARM64
		{0AC12AFB-1B4C-48F4-B4D8-013B17D5DA9A}.Debug|ARM64.Build.0 = Debug|ARM64
		{0AC12AFB-1B4C-48F4-B4D8-013B17D5DA9A}.Debug|ARM64.Deploy.0 = Debug|ARM64
		{0AC12AFB-1B4C-48F4-B4D8-013B17D5DA9A}.Debug|iPhone.ActiveCfg = Debug|x86
		{0AC12AFB-1B4C-48F4-B4D8-013B17D5DA9A}.Debug|iPhoneSimulator.ActiveCfg = Debug|x86
		{0AC12AFB-1B4C-48F4-B4D8-013B17D5DA9A}.Debug|x64.ActiveCfg = Debug|x64
		{0AC12AFB-1B4C-48F4-B4D8-013B17D5DA9A}.Debug|x64.Build.0 = Debug|x64
		{0AC12AFB-1B4C-48F4-B4D8-013B17D5DA9A}.Debug|x64.Deploy.0 = Debug|x64
		{0AC12AFB-1B4C-48F4-B4D8-013B17D5DA9A}.Debug|x86.ActiveCfg = Debug|x86
		{0AC12AFB-1B4C-48F4-B4D8-013B17D5DA9A}.Debug|x86.Build.0 = Debug|x86
		{0AC12AFB-1B4C-48F4-B4D8-013B17D5DA9A}.Debug|x86.Deploy.0 = Debug|x86
		{0AC12AFB-1B4C-48F4-B4D8-013B17D5DA9A}.Release|Any CPU.ActiveCfg = Release|x86
		{0AC12AFB-1B4C-48F4-B4D8-013B17D5DA9A}.Release|ARM.ActiveCfg = Release|ARM
		{0AC12AFB-1B4C-48F4-B4D8-013B17D5DA9A}.Release|ARM.Build.0 = Release|ARM
		{0AC12AFB-1B4C-48F4-B4D8-013B17D5DA9A}.Release|ARM.Deploy.0 = Release|ARM
		{0AC12AFB-1B4C-48F4-B4D8-013B17D5DA9A}.Release|ARM64.ActiveCfg = Release|ARM64
		{0AC12AFB-1B4C-48F4-B4D8-013B17D5DA9A}.Release|ARM64.Build.0 = Release|ARM64
		{0AC12AFB-1B4C-48F4-B4D8-013B17D5DA9A}.Release|ARM64.Deploy.0 = Release|ARM64
		{0AC12AFB-1B4C-48F4-B4D8-013B17D5DA9A}.Release|iPhone.ActiveCfg = Release|x86
		{0AC12AFB-1B4C-48F4-B4D8-013B17D5DA9A}.Release|iPhoneSimulator.ActiveCfg = Release|x86
		{0AC12AFB-1B4C-48F4-B4D8-013B17D5DA9A}.Release|x64.ActiveCfg = Release|x64
		{0AC12AFB-1B4C-48F4-B4D8-013B17D5DA9A}.Release|x64.Build.0 = Release|x64
		{0AC12AFB-1B4C-48F4-B4D8-013B17D5DA9A}.Release|x64.Deploy.0 = Release|x64
		{0AC12AFB-1B4C-48F4-B4D8-013B17D5DA9A}.Release|x86.ActiveCfg = Release|x86
		{0AC12AFB-1B4C-48F4-B4D8-013B17D5DA9A}.Release|x86.Build.0 = Release|x86
		{0AC12AFB-1B4C-48F4-B4D8-013B17D5DA9A}.Release|x86.Deploy.0 = Release|x86
		{1F059F93-F8CA-4214-83F1-9CA44ADA2A37}.Ad-Hoc|Any CPU.ActiveCfg = Debug|Any CPU
		{1F059F93-F8CA-4214-83F1-9CA44ADA2A37}.Ad-Hoc|Any CPU.Build.0 = Debug|Any CPU
		{1F059F93-F8CA-4214-83F1-9CA44ADA2A37}.Ad-Hoc|ARM.ActiveCfg = Debug|Any CPU
		{1F059F93-F8CA-4214-83F1-9CA44ADA2A37}.Ad-Hoc|ARM.Build.0 = Debug|Any CPU
		{1F059F93-F8CA-4214-83F1-9CA44ADA2A37}.Ad-Hoc|ARM64.ActiveCfg = Debug|Any CPU
		{1F059F93-F8CA-4214-83F1-9CA44ADA2A37}.Ad-Hoc|ARM64.Build.0 = Debug|Any CPU
		{1F059F93-F8CA-4214-83F1-9CA44ADA2A37}.Ad-Hoc|iPhone.ActiveCfg = Debug|Any CPU
		{1F059F93-F8CA-4214-83F1-9CA44ADA2A37}.Ad-Hoc|iPhone.Build.0 = Debug|Any CPU
		{1F059F93-F8CA-4214-83F1-9CA44ADA2A37}.Ad-Hoc|iPhoneSimulator.ActiveCfg = Debug|Any CPU
		{1F059F93-F8CA-4214-83F1-9CA44ADA2A37}.Ad-Hoc|iPhoneSimulator.Build.0 = Debug|Any CPU
		{1F059F93-F8CA-4214-83F1-9CA44ADA2A37}.Ad-Hoc|x64.ActiveCfg = Debug|Any CPU
		{1F059F93-F8CA-4214-83F1-9CA44ADA2A37}.Ad-Hoc|x64.Build.0 = Debug|Any CPU
		{1F059F93-F8CA-4214-83F1-9CA44ADA2A37}.Ad-Hoc|x86.ActiveCfg = Debug|Any CPU
		{1F059F93-F8CA-4214-83F1-9CA44ADA2A37}.Ad-Hoc|x86.Build.0 = Debug|Any CPU
		{1F059F93-F8CA-4214-83F1-9CA44ADA2A37}.AppStore|Any CPU.ActiveCfg = Debug|Any CPU
		{1F059F93-F8CA-4214-83F1-9CA44ADA2A37}.AppStore|Any CPU.Build.0 = Debug|Any CPU
		{1F059F93-F8CA-4214-83F1-9CA44ADA2A37}.AppStore|ARM.ActiveCfg = Debug|Any CPU
		{1F059F93-F8CA-4214-83F1-9CA44ADA2A37}.AppStore|ARM.Build.0 = Debug|Any CPU
		{1F059F93-F8CA-4214-83F1-9CA44ADA2A37}.AppStore|ARM64.ActiveCfg = Debug|Any CPU
		{1F059F93-F8CA-4214-83F1-9CA44ADA2A37}.AppStore|ARM64.Build.0 = Debug|Any CPU
		{1F059F93-F8CA-4214-83F1-9CA44ADA2A37}.AppStore|iPhone.ActiveCfg = Debug|Any CPU
		{1F059F93-F8CA-4214-83F1-9CA44ADA2A37}.AppStore|iPhone.Build.0 = Debug|Any CPU
		{1F059F93-F8CA-4214-83F1-9CA44ADA2A37}.AppStore|iPhoneSimulator.ActiveCfg = Debug|Any CPU
		{1F059F93-F8CA-4214-83F1-9CA44ADA2A37}.AppStore|iPhoneSimulator.Build.0 = Debug|Any CPU
		{1F059F93-F8CA-4214-83F1-9CA44ADA2A37}.AppStore|x64.ActiveCfg = Debug|Any CPU
		{1F059F93-F8CA-4214-83F1-9CA44ADA2A37}.AppStore|x64.Build.0 = Debug|Any CPU
		{1F059F93-F8CA-4214-83F1-9CA44ADA2A37}.AppStore|x86.ActiveCfg = Debug|Any CPU
		{1F059F93-F8CA-4214-83F1-9CA44ADA2A37}.AppStore|x86.Build.0 = Debug|Any CPU
		{1F059F93-F8CA-4214-83F1-9CA44ADA2A37}.Debug|Any CPU.ActiveCfg = Debug|Any CPU
		{1F059F93-F8CA-4214-83F1-9CA44ADA2A37}.Debug|Any CPU.Build.0 = Debug|Any CPU
		{1F059F93-F8CA-4214-83F1-9CA44ADA2A37}.Debug|ARM.ActiveCfg = Debug|Any CPU
		{1F059F93-F8CA-4214-83F1-9CA44ADA2A37}.Debug|ARM.Build.0 = Debug|Any CPU
		{1F059F93-F8CA-4214-83F1-9CA44ADA2A37}.Debug|ARM64.ActiveCfg = Debug|Any CPU
		{1F059F93-F8CA-4214-83F1-9CA44ADA2A37}.Debug|ARM64.Build.0 = Debug|Any CPU
		{1F059F93-F8CA-4214-83F1-9CA44ADA2A37}.Debug|iPhone.ActiveCfg = Debug|Any CPU
		{1F059F93-F8CA-4214-83F1-9CA44ADA2A37}.Debug|iPhone.Build.0 = Debug|Any CPU
		{1F059F93-F8CA-4214-83F1-9CA44ADA2A37}.Debug|iPhoneSimulator.ActiveCfg = Debug|Any CPU
		{1F059F93-F8CA-4214-83F1-9CA44ADA2A37}.Debug|iPhoneSimulator.Build.0 = Debug|Any CPU
		{1F059F93-F8CA-4214-83F1-9CA44ADA2A37}.Debug|x64.ActiveCfg = Debug|Any CPU
		{1F059F93-F8CA-4214-83F1-9CA44ADA2A37}.Debug|x64.Build.0 = Debug|Any CPU
		{1F059F93-F8CA-4214-83F1-9CA44ADA2A37}.Debug|x86.ActiveCfg = Debug|Any CPU
		{1F059F93-F8CA-4214-83F1-9CA44ADA2A37}.Debug|x86.Build.0 = Debug|Any CPU
		{1F059F93-F8CA-4214-83F1-9CA44ADA2A37}.Release|Any CPU.ActiveCfg = Release|Any CPU
		{1F059F93-F8CA-4214-83F1-9CA44ADA2A37}.Release|Any CPU.Build.0 = Release|Any CPU
		{1F059F93-F8CA-4214-83F1-9CA44ADA2A37}.Release|ARM.ActiveCfg = Release|Any CPU
		{1F059F93-F8CA-4214-83F1-9CA44ADA2A37}.Release|ARM.Build.0 = Release|Any CPU
		{1F059F93-F8CA-4214-83F1-9CA44ADA2A37}.Release|ARM64.ActiveCfg = Release|Any CPU
		{1F059F93-F8CA-4214-83F1-9CA44ADA2A37}.Release|ARM64.Build.0 = Release|Any CPU
		{1F059F93-F8CA-4214-83F1-9CA44ADA2A37}.Release|iPhone.ActiveCfg = Release|Any CPU
		{1F059F93-F8CA-4214-83F1-9CA44ADA2A37}.Release|iPhone.Build.0 = Release|Any CPU
		{1F059F93-F8CA-4214-83F1-9CA44ADA2A37}.Release|iPhoneSimulator.ActiveCfg = Release|Any CPU
		{1F059F93-F8CA-4214-83F1-9CA44ADA2A37}.Release|iPhoneSimulator.Build.0 = Release|Any CPU
		{1F059F93-F8CA-4214-83F1-9CA44ADA2A37}.Release|x64.ActiveCfg = Release|Any CPU
		{1F059F93-F8CA-4214-83F1-9CA44ADA2A37}.Release|x64.Build.0 = Release|Any CPU
		{1F059F93-F8CA-4214-83F1-9CA44ADA2A37}.Release|x86.ActiveCfg = Release|Any CPU
		{1F059F93-F8CA-4214-83F1-9CA44ADA2A37}.Release|x86.Build.0 = Release|Any CPU
		{BB9A19FD-6D77-4D3E-8C8C-C4AF85D5BE4D}.Ad-Hoc|Any CPU.ActiveCfg = Debug|Any CPU
		{BB9A19FD-6D77-4D3E-8C8C-C4AF85D5BE4D}.Ad-Hoc|Any CPU.Build.0 = Debug|Any CPU
		{BB9A19FD-6D77-4D3E-8C8C-C4AF85D5BE4D}.Ad-Hoc|ARM.ActiveCfg = Debug|Any CPU
		{BB9A19FD-6D77-4D3E-8C8C-C4AF85D5BE4D}.Ad-Hoc|ARM.Build.0 = Debug|Any CPU
		{BB9A19FD-6D77-4D3E-8C8C-C4AF85D5BE4D}.Ad-Hoc|ARM64.ActiveCfg = Debug|Any CPU
		{BB9A19FD-6D77-4D3E-8C8C-C4AF85D5BE4D}.Ad-Hoc|ARM64.Build.0 = Debug|Any CPU
		{BB9A19FD-6D77-4D3E-8C8C-C4AF85D5BE4D}.Ad-Hoc|iPhone.ActiveCfg = Debug|Any CPU
		{BB9A19FD-6D77-4D3E-8C8C-C4AF85D5BE4D}.Ad-Hoc|iPhone.Build.0 = Debug|Any CPU
		{BB9A19FD-6D77-4D3E-8C8C-C4AF85D5BE4D}.Ad-Hoc|iPhoneSimulator.ActiveCfg = Debug|Any CPU
		{BB9A19FD-6D77-4D3E-8C8C-C4AF85D5BE4D}.Ad-Hoc|iPhoneSimulator.Build.0 = Debug|Any CPU
		{BB9A19FD-6D77-4D3E-8C8C-C4AF85D5BE4D}.Ad-Hoc|x64.ActiveCfg = Debug|Any CPU
		{BB9A19FD-6D77-4D3E-8C8C-C4AF85D5BE4D}.Ad-Hoc|x64.Build.0 = Debug|Any CPU
		{BB9A19FD-6D77-4D3E-8C8C-C4AF85D5BE4D}.Ad-Hoc|x86.ActiveCfg = Debug|Any CPU
		{BB9A19FD-6D77-4D3E-8C8C-C4AF85D5BE4D}.Ad-Hoc|x86.Build.0 = Debug|Any CPU
		{BB9A19FD-6D77-4D3E-8C8C-C4AF85D5BE4D}.AppStore|Any CPU.ActiveCfg = Debug|Any CPU
		{BB9A19FD-6D77-4D3E-8C8C-C4AF85D5BE4D}.AppStore|Any CPU.Build.0 = Debug|Any CPU
		{BB9A19FD-6D77-4D3E-8C8C-C4AF85D5BE4D}.AppStore|ARM.ActiveCfg = Debug|Any CPU
		{BB9A19FD-6D77-4D3E-8C8C-C4AF85D5BE4D}.AppStore|ARM.Build.0 = Debug|Any CPU
		{BB9A19FD-6D77-4D3E-8C8C-C4AF85D5BE4D}.AppStore|ARM64.ActiveCfg = Debug|Any CPU
		{BB9A19FD-6D77-4D3E-8C8C-C4AF85D5BE4D}.AppStore|ARM64.Build.0 = Debug|Any CPU
		{BB9A19FD-6D77-4D3E-8C8C-C4AF85D5BE4D}.AppStore|iPhone.ActiveCfg = Debug|Any CPU
		{BB9A19FD-6D77-4D3E-8C8C-C4AF85D5BE4D}.AppStore|iPhone.Build.0 = Debug|Any CPU
		{BB9A19FD-6D77-4D3E-8C8C-C4AF85D5BE4D}.AppStore|iPhoneSimulator.ActiveCfg = Debug|Any CPU
		{BB9A19FD-6D77-4D3E-8C8C-C4AF85D5BE4D}.AppStore|iPhoneSimulator.Build.0 = Debug|Any CPU
		{BB9A19FD-6D77-4D3E-8C8C-C4AF85D5BE4D}.AppStore|x64.ActiveCfg = Debug|Any CPU
		{BB9A19FD-6D77-4D3E-8C8C-C4AF85D5BE4D}.AppStore|x64.Build.0 = Debug|Any CPU
		{BB9A19FD-6D77-4D3E-8C8C-C4AF85D5BE4D}.AppStore|x86.ActiveCfg = Debug|Any CPU
		{BB9A19FD-6D77-4D3E-8C8C-C4AF85D5BE4D}.AppStore|x86.Build.0 = Debug|Any CPU
		{BB9A19FD-6D77-4D3E-8C8C-C4AF85D5BE4D}.Debug|Any CPU.ActiveCfg = Debug|Any CPU
		{BB9A19FD-6D77-4D3E-8C8C-C4AF85D5BE4D}.Debug|Any CPU.Build.0 = Debug|Any CPU
		{BB9A19FD-6D77-4D3E-8C8C-C4AF85D5BE4D}.Debug|ARM.ActiveCfg = Debug|Any CPU
		{BB9A19FD-6D77-4D3E-8C8C-C4AF85D5BE4D}.Debug|ARM.Build.0 = Debug|Any CPU
		{BB9A19FD-6D77-4D3E-8C8C-C4AF85D5BE4D}.Debug|ARM64.ActiveCfg = Debug|Any CPU
		{BB9A19FD-6D77-4D3E-8C8C-C4AF85D5BE4D}.Debug|ARM64.Build.0 = Debug|Any CPU
		{BB9A19FD-6D77-4D3E-8C8C-C4AF85D5BE4D}.Debug|iPhone.ActiveCfg = Debug|Any CPU
		{BB9A19FD-6D77-4D3E-8C8C-C4AF85D5BE4D}.Debug|iPhone.Build.0 = Debug|Any CPU
		{BB9A19FD-6D77-4D3E-8C8C-C4AF85D5BE4D}.Debug|iPhoneSimulator.ActiveCfg = Debug|Any CPU
		{BB9A19FD-6D77-4D3E-8C8C-C4AF85D5BE4D}.Debug|iPhoneSimulator.Build.0 = Debug|Any CPU
		{BB9A19FD-6D77-4D3E-8C8C-C4AF85D5BE4D}.Debug|x64.ActiveCfg = Debug|Any CPU
		{BB9A19FD-6D77-4D3E-8C8C-C4AF85D5BE4D}.Debug|x64.Build.0 = Debug|Any CPU
		{BB9A19FD-6D77-4D3E-8C8C-C4AF85D5BE4D}.Debug|x86.ActiveCfg = Debug|Any CPU
		{BB9A19FD-6D77-4D3E-8C8C-C4AF85D5BE4D}.Debug|x86.Build.0 = Debug|Any CPU
		{BB9A19FD-6D77-4D3E-8C8C-C4AF85D5BE4D}.Release|Any CPU.ActiveCfg = Release|Any CPU
		{BB9A19FD-6D77-4D3E-8C8C-C4AF85D5BE4D}.Release|Any CPU.Build.0 = Release|Any CPU
		{BB9A19FD-6D77-4D3E-8C8C-C4AF85D5BE4D}.Release|ARM.ActiveCfg = Release|Any CPU
		{BB9A19FD-6D77-4D3E-8C8C-C4AF85D5BE4D}.Release|ARM.Build.0 = Release|Any CPU
		{BB9A19FD-6D77-4D3E-8C8C-C4AF85D5BE4D}.Release|ARM64.ActiveCfg = Release|Any CPU
		{BB9A19FD-6D77-4D3E-8C8C-C4AF85D5BE4D}.Release|ARM64.Build.0 = Release|Any CPU
		{BB9A19FD-6D77-4D3E-8C8C-C4AF85D5BE4D}.Release|iPhone.ActiveCfg = Release|Any CPU
		{BB9A19FD-6D77-4D3E-8C8C-C4AF85D5BE4D}.Release|iPhone.Build.0 = Release|Any CPU
		{BB9A19FD-6D77-4D3E-8C8C-C4AF85D5BE4D}.Release|iPhoneSimulator.ActiveCfg = Release|Any CPU
		{BB9A19FD-6D77-4D3E-8C8C-C4AF85D5BE4D}.Release|iPhoneSimulator.Build.0 = Release|Any CPU
		{BB9A19FD-6D77-4D3E-8C8C-C4AF85D5BE4D}.Release|x64.ActiveCfg = Release|Any CPU
		{BB9A19FD-6D77-4D3E-8C8C-C4AF85D5BE4D}.Release|x64.Build.0 = Release|Any CPU
		{BB9A19FD-6D77-4D3E-8C8C-C4AF85D5BE4D}.Release|x86.ActiveCfg = Release|Any CPU
		{BB9A19FD-6D77-4D3E-8C8C-C4AF85D5BE4D}.Release|x86.Build.0 = Release|Any CPU
	EndGlobalSection
	GlobalSection(SolutionProperties) = preSolution
		HideSolutionNode = FALSE
	EndGlobalSection
	GlobalSection(NestedProjects) = preSolution
		{B206D2FB-A1C5-45BC-8BA7-FE30B97C896F} = {2F0DBB13-C7E8-42A9-B95A-B83220D21955}
		{07F3C072-3A50-4458-AD6E-6A09E744ACDF} = {941043A8-304F-4122-A461-1E590941E854}
		{04557405-7D13-47E7-8F73-78650C6E66C6} = {8E1F86B2-1ECB-41A1-800C-AD442030E23C}
		{6279C845-92F8-4333-AB99-3D213163593C} = {FF0BA919-B674-451B-BDE9-F9302020E899}
		{04984952-3C2D-4354-86FF-771EEF65B903} = {FF0BA919-B674-451B-BDE9-F9302020E899}
		{0AC12AFB-1B4C-48F4-B4D8-013B17D5DA9A} = {04984952-3C2D-4354-86FF-771EEF65B903}
		{1F059F93-F8CA-4214-83F1-9CA44ADA2A37} = {04984952-3C2D-4354-86FF-771EEF65B903}
		{BB9A19FD-6D77-4D3E-8C8C-C4AF85D5BE4D} = {04984952-3C2D-4354-86FF-771EEF65B903}
	EndGlobalSection
	GlobalSection(ExtensibilityGlobals) = postSolution
		SolutionGuid = {95E53299-2545-483C-81C3-CCDF5F401EFC}
	EndGlobalSection
EndGlobal
